// !$*UTF8*$!
{
	archiveVersion = 1;
	classes = {
	};
	objectVersion = 46;
	objects = {

/* Begin PBXBuildFile section */
		A1EBA5B5192693C100BDA837 /* Foundation.framework in Frameworks */ = {isa = PBXBuildFile; fileRef = A1EBA5B4192693C100BDA837 /* Foundation.framework */; };
		A1EBA5B7192693C100BDA837 /* CoreGraphics.framework in Frameworks */ = {isa = PBXBuildFile; fileRef = A1EBA5B6192693C100BDA837 /* CoreGraphics.framework */; };
		A1EBA5B9192693C100BDA837 /* UIKit.framework in Frameworks */ = {isa = PBXBuildFile; fileRef = A1EBA5B8192693C100BDA837 /* UIKit.framework */; };
		A1EBA5BF192693C100BDA837 /* InfoPlist.strings in Resources */ = {isa = PBXBuildFile; fileRef = A1EBA5BD192693C100BDA837 /* InfoPlist.strings */; };
		A1EBA5C1192693C100BDA837 /* main.m in Sources */ = {isa = PBXBuildFile; fileRef = A1EBA5C0192693C100BDA837 /* main.m */; };
		A1EBA5C5192693C100BDA837 /* CCAppDelegate.m in Sources */ = {isa = PBXBuildFile; fileRef = A1EBA5C4192693C100BDA837 /* CCAppDelegate.m */; };
		A1EBA5C8192693C100BDA837 /* Main.storyboard in Resources */ = {isa = PBXBuildFile; fileRef = A1EBA5C6192693C100BDA837 /* Main.storyboard */; };
		A1EBA5CB192693C100BDA837 /* CCViewController.m in Sources */ = {isa = PBXBuildFile; fileRef = A1EBA5CA192693C100BDA837 /* CCViewController.m */; };
		A1EBA5CD192693C100BDA837 /* Images.xcassets in Resources */ = {isa = PBXBuildFile; fileRef = A1EBA5CC192693C100BDA837 /* Images.xcassets */; };
		A1EBA5D4192693C100BDA837 /* XCTest.framework in Frameworks */ = {isa = PBXBuildFile; fileRef = A1EBA5D3192693C100BDA837 /* XCTest.framework */; };
		A1EBA5D5192693C100BDA837 /* Foundation.framework in Frameworks */ = {isa = PBXBuildFile; fileRef = A1EBA5B4192693C100BDA837 /* Foundation.framework */; };
		A1EBA5D6192693C100BDA837 /* UIKit.framework in Frameworks */ = {isa = PBXBuildFile; fileRef = A1EBA5B8192693C100BDA837 /* UIKit.framework */; };
		A1EBA5DE192693C100BDA837 /* InfoPlist.strings in Resources */ = {isa = PBXBuildFile; fileRef = A1EBA5DC192693C100BDA837 /* InfoPlist.strings */; };
		A1EBA5E0192693C100BDA837 /* Pirate_AdventureTests.m in Sources */ = {isa = PBXBuildFile; fileRef = A1EBA5DF192693C100BDA837 /* Pirate_AdventureTests.m */; };
/* End PBXBuildFile section */

/* Begin PBXContainerItemProxy section */
		A1EBA5D7192693C100BDA837 /* PBXContainerItemProxy */ = {
			isa = PBXContainerItemProxy;
			containerPortal = A1EBA5A9192693C100BDA837 /* Project object */;
			proxyType = 1;
			remoteGlobalIDString = A1EBA5B0192693C100BDA837;
			remoteInfo = "Pirate Adventure";
		};
/* End PBXContainerItemProxy section */

/* Begin PBXFileReference section */
		A1EBA5B1192693C100BDA837 /* Pirate Adventure.app */ = {isa = PBXFileReference; explicitFileType = wrapper.application; includeInIndex = 0; path = "Pirate Adventure.app"; sourceTree = BUILT_PRODUCTS_DIR; };
		A1EBA5B4192693C100BDA837 /* Foundation.framework */ = {isa = PBXFileReference; lastKnownFileType = wrapper.framework; name = Foundation.framework; path = System/Library/Frameworks/Foundation.framework; sourceTree = SDKROOT; };
		A1EBA5B6192693C100BDA837 /* CoreGraphics.framework */ = {isa = PBXFileReference; lastKnownFileType = wrapper.framework; name = CoreGraphics.framework; path = System/Library/Frameworks/CoreGraphics.framework; sourceTree = SDKROOT; };
		A1EBA5B8192693C100BDA837 /* UIKit.framework */ = {isa = PBXFileReference; lastKnownFileType = wrapper.framework; name = UIKit.framework; path = System/Library/Frameworks/UIKit.framework; sourceTree = SDKROOT; };
		A1EBA5BC192693C100BDA837 /* Pirate Adventure-Info.plist */ = {isa = PBXFileReference; lastKnownFileType = text.plist.xml; path = "Pirate Adventure-Info.plist"; sourceTree = "<group>"; };
		A1EBA5BE192693C100BDA837 /* en */ = {isa = PBXFileReference; lastKnownFileType = text.plist.strings; name = en; path = en.lproj/InfoPlist.strings; sourceTree = "<group>"; };
		A1EBA5C0192693C100BDA837 /* main.m */ = {isa = PBXFileReference; lastKnownFileType = sourcecode.c.objc; path = main.m; sourceTree = "<group>"; };
		A1EBA5C2192693C100BDA837 /* Pirate Adventure-Prefix.pch */ = {isa = PBXFileReference; lastKnownFileType = sourcecode.c.h; path = "Pirate Adventure-Prefix.pch"; sourceTree = "<group>"; };
		A1EBA5C3192693C100BDA837 /* CCAppDelegate.h */ = {isa = PBXFileReference; lastKnownFileType = sourcecode.c.h; path = CCAppDelegate.h; sourceTree = "<group>"; };
		A1EBA5C4192693C100BDA837 /* CCAppDelegate.m */ = {isa = PBXFileReference; lastKnownFileType = sourcecode.c.objc; path = CCAppDelegate.m; sourceTree = "<group>"; };
		A1EBA5C7192693C100BDA837 /* Base */ = {isa = PBXFileReference; lastKnownFileType = file.storyboard; name = Base; path = Base.lproj/Main.storyboard; sourceTree = "<group>"; };
		A1EBA5C9192693C100BDA837 /* CCViewController.h */ = {isa = PBXFileReference; lastKnownFileType = sourcecode.c.h; path = CCViewController.h; sourceTree = "<group>"; };
		A1EBA5CA192693C100BDA837 /* CCViewController.m */ = {isa = PBXFileReference; lastKnownFileType = sourcecode.c.objc; path = CCViewController.m; sourceTree = "<group>"; };
		A1EBA5CC192693C100BDA837 /* Images.xcassets */ = {isa = PBXFileReference; lastKnownFileType = folder.assetcatalog; path = Images.xcassets; sourceTree = "<group>"; };
		A1EBA5D2192693C100BDA837 /* Pirate AdventureTests.xctest */ = {isa = PBXFileReference; explicitFileType = wrapper.cfbundle; includeInIndex = 0; path = "Pirate AdventureTests.xctest"; sourceTree = BUILT_PRODUCTS_DIR; };
		A1EBA5D3192693C100BDA837 /* XCTest.framework */ = {isa = PBXFileReference; lastKnownFileType = wrapper.framework; name = XCTest.framework; path = Library/Frameworks/XCTest.framework; sourceTree = DEVELOPER_DIR; };
		A1EBA5DB192693C100BDA837 /* Pirate AdventureTests-Info.plist */ = {isa = PBXFileReference; lastKnownFileType = text.plist.xml; path = "Pirate AdventureTests-Info.plist"; sourceTree = "<group>"; };
		A1EBA5DD192693C100BDA837 /* en */ = {isa = PBXFileReference; lastKnownFileType = text.plist.strings; name = en; path = en.lproj/InfoPlist.strings; sourceTree = "<group>"; };
		A1EBA5DF192693C100BDA837 /* Pirate_AdventureTests.m */ = {isa = PBXFileReference; lastKnownFileType = sourcecode.c.objc; path = Pirate_AdventureTests.m; sourceTree = "<group>"; };
/* End PBXFileReference section */

/* Begin PBXFrameworksBuildPhase section */
		A1EBA5AE192693C100BDA837 /* Frameworks */ = {
			isa = PBXFrameworksBuildPhase;
			buildActionMask = 2147483647;
			files = (
				A1EBA5B7192693C100BDA837 /* CoreGraphics.framework in Frameworks */,
				A1EBA5B9192693C100BDA837 /* UIKit.framework in Frameworks */,
				A1EBA5B5192693C100BDA837 /* Foundation.framework in Frameworks */,
			);
			runOnlyForDeploymentPostprocessing = 0;
		};
		A1EBA5CF192693C100BDA837 /* Frameworks */ = {
			isa = PBXFrameworksBuildPhase;
			buildActionMask = 2147483647;
			files = (
				A1EBA5D4192693C100BDA837 /* XCTest.framework in Frameworks */,
				A1EBA5D6192693C100BDA837 /* UIKit.framework in Frameworks */,
				A1EBA5D5192693C100BDA837 /* Foundation.framework in Frameworks */,
			);
			runOnlyForDeploymentPostprocessing = 0;
		};
/* End PBXFrameworksBuildPhase section */

/* Begin PBXGroup section */
		A1EBA5A8192693C100BDA837 = {
			isa = PBXGroup;
			children = (
				A1EBA5BA192693C100BDA837 /* Pirate Adventure */,
				A1EBA5D9192693C100BDA837 /* Pirate AdventureTests */,
				A1EBA5B3192693C100BDA837 /* Frameworks */,
				A1EBA5B2192693C100BDA837 /* Products */,
			);
			sourceTree = "<group>";
		};
		A1EBA5B2192693C100BDA837 /* Products */ = {
			isa = PBXGroup;
			children = (
				A1EBA5B1192693C100BDA837 /* Pirate Adventure.app */,
				A1EBA5D2192693C100BDA837 /* Pirate AdventureTests.xctest */,
			);
			name = Products;
			sourceTree = "<group>";
		};
		A1EBA5B3192693C100BDA837 /* Frameworks */ = {
			isa = PBXGroup;
			children = (
				A1EBA5B4192693C100BDA837 /* Foundation.framework */,
				A1EBA5B6192693C100BDA837 /* CoreGraphics.framework */,
				A1EBA5B8192693C100BDA837 /* UIKit.framework */,
				A1EBA5D3192693C100BDA837 /* XCTest.framework */,
			);
			name = Frameworks;
			sourceTree = "<group>";
		};
		A1EBA5BA192693C100BDA837 /* Pirate Adventure */ = {
			isa = PBXGroup;
			children = (
				A1EBA5C3192693C100BDA837 /* CCAppDelegate.h */,
				A1EBA5C4192693C100BDA837 /* CCAppDelegate.m */,
				A1EBA5C6192693C100BDA837 /* Main.storyboard */,
				A1EBA5C9192693C100BDA837 /* CCViewController.h */,
				A1EBA5CA192693C100BDA837 /* CCViewController.m */,
				A1EBA5CC192693C100BDA837 /* Images.xcassets */,
				A1EBA5BB192693C100BDA837 /* Supporting Files */,
			);
			path = "Pirate Adventure";
			sourceTree = "<group>";
		};
		A1EBA5BB192693C100BDA837 /* Supporting Files */ = {
			isa = PBXGroup;
			children = (
				A1EBA5BC192693C100BDA837 /* Pirate Adventure-Info.plist */,
				A1EBA5BD192693C100BDA837 /* InfoPlist.strings */,
				A1EBA5C0192693C100BDA837 /* main.m */,
				A1EBA5C2192693C100BDA837 /* Pirate Adventure-Prefix.pch */,
			);
			name = "Supporting Files";
			sourceTree = "<group>";
		};
		A1EBA5D9192693C100BDA837 /* Pirate AdventureTests */ = {
			isa = PBXGroup;
			children = (
				A1EBA5DF192693C100BDA837 /* Pirate_AdventureTests.m */,
				A1EBA5DA192693C100BDA837 /* Supporting Files */,
			);
			path = "Pirate AdventureTests";
			sourceTree = "<group>";
		};
		A1EBA5DA192693C100BDA837 /* Supporting Files */ = {
			isa = PBXGroup;
			children = (
				A1EBA5DB192693C100BDA837 /* Pirate AdventureTests-Info.plist */,
				A1EBA5DC192693C100BDA837 /* InfoPlist.strings */,
			);
			name = "Supporting Files";
			sourceTree = "<group>";
		};
/* End PBXGroup section */

/* Begin PBXNativeTarget section */
		A1EBA5B0192693C100BDA837 /* Pirate Adventure */ = {
			isa = PBXNativeTarget;
			buildConfigurationList = A1EBA5E3192693C100BDA837 /* Build configuration list for PBXNativeTarget "Pirate Adventure" */;
			buildPhases = (
				A1EBA5AD192693C100BDA837 /* Sources */,
				A1EBA5AE192693C100BDA837 /* Frameworks */,
				A1EBA5AF192693C100BDA837 /* Resources */,
			);
			buildRules = (
			);
			dependencies = (
			);
			name = "Pirate Adventure";
			productName = "Pirate Adventure";
			productReference = A1EBA5B1192693C100BDA837 /* Pirate Adventure.app */;
			productType = "com.apple.product-type.application";
		};
		A1EBA5D1192693C100BDA837 /* Pirate AdventureTests */ = {
			isa = PBXNativeTarget;
			buildConfigurationList = A1EBA5E6192693C100BDA837 /* Build configuration list for PBXNativeTarget "Pirate AdventureTests" */;
			buildPhases = (
				A1EBA5CE192693C100BDA837 /* Sources */,
				A1EBA5CF192693C100BDA837 /* Frameworks */,
				A1EBA5D0192693C100BDA837 /* Resources */,
			);
			buildRules = (
			);
			dependencies = (
				A1EBA5D8192693C100BDA837 /* PBXTargetDependency */,
			);
			name = "Pirate AdventureTests";
			productName = "Pirate AdventureTests";
			productReference = A1EBA5D2192693C100BDA837 /* Pirate AdventureTests.xctest */;
			productType = "com.apple.product-type.bundle.unit-test";
		};
/* End PBXNativeTarget section */

/* Begin PBXProject section */
		A1EBA5A9192693C100BDA837 /* Project object */ = {
			isa = PBXProject;
			attributes = {
				CLASSPREFIX = CC;
				LastUpgradeCheck = 0510;
				ORGANIZATIONNAME = "Code Coalition";
				TargetAttributes = {
					A1EBA5D1192693C100BDA837 = {
						TestTargetID = A1EBA5B0192693C100BDA837;
					};
				};
			};
			buildConfigurationList = A1EBA5AC192693C100BDA837 /* Build configuration list for PBXProject "Pirate Adventure" */;
			compatibilityVersion = "Xcode 3.2";
			developmentRegion = English;
			hasScannedForEncodings = 0;
			knownRegions = (
				en,
				Base,
			);
			mainGroup = A1EBA5A8192693C100BDA837;
			productRefGroup = A1EBA5B2192693C100BDA837 /* Products */;
			projectDirPath = "";
			projectRoot = "";
			targets = (
				A1EBA5B0192693C100BDA837 /* Pirate Adventure */,
				A1EBA5D1192693C100BDA837 /* Pirate AdventureTests */,
			);
		};
/* End PBXProject section */

/* Begin PBXResourcesBuildPhase section */
		A1EBA5AF192693C100BDA837 /* Resources */ = {
			isa = PBXResourcesBuildPhase;
			buildActionMask = 2147483647;
			files = (
				A1EBA5CD192693C100BDA837 /* Images.xcassets in Resources */,
				A1EBA5BF192693C100BDA837 /* InfoPlist.strings in Resources */,
				A1EBA5C8192693C100BDA837 /* Main.storyboard in Resources */,
			);
			runOnlyForDeploymentPostprocessing = 0;
		};
		A1EBA5D0192693C100BDA837 /* Resources */ = {
			isa = PBXResourcesBuildPhase;
			buildActionMask = 2147483647;
			files = (
				A1EBA5DE192693C100BDA837 /* InfoPlist.strings in Resources */,
			);
			runOnlyForDeploymentPostprocessing = 0;
		};
/* End PBXResourcesBuildPhase section */

/* Begin PBXSourcesBuildPhase section */
		A1EBA5AD192693C100BDA837 /* Sources */ = {
			isa = PBXSourcesBuildPhase;
			buildActionMask = 2147483647;
			files = (
				A1EBA5C5192693C100BDA837 /* CCAppDelegate.m in Sources */,
				A1EBA5C1192693C100BDA837 /* main.m in Sources */,
				A1EBA5CB192693C100BDA837 /* CCViewController.m in Sources */,
			);
			runOnlyForDeploymentPostprocessing = 0;
		};
		A1EBA5CE192693C100BDA837 /* Sources */ = {
			isa = PBXSourcesBuildPhase;
			buildActionMask = 2147483647;
			files = (
				A1EBA5E0192693C100BDA837 /* Pirate_AdventureTests.m in Sources */,
			);
			runOnlyForDeploymentPostprocessing = 0;
		};
/* End PBXSourcesBuildPhase section */

/* Begin PBXTargetDependency section */
		A1EBA5D8192693C100BDA837 /* PBXTargetDependency */ = {
			isa = PBXTargetDependency;
			target = A1EBA5B0192693C100BDA837 /* Pirate Adventure */;
			targetProxy = A1EBA5D7192693C100BDA837 /* PBXContainerItemProxy */;
		};
/* End PBXTargetDependency section */

/* Begin PBXVariantGroup section */
		A1EBA5BD192693C100BDA837 /* InfoPlist.strings */ = {
			isa = PBXVariantGroup;
			children = (
				A1EBA5BE192693C100BDA837 /* en */,
			);
			name = InfoPlist.strings;
			sourceTree = "<group>";
		};
		A1EBA5C6192693C100BDA837 /* Main.storyboard */ = {
			isa = PBXVariantGroup;
			children = (
				A1EBA5C7192693C100BDA837 /* Base */,
			);
			name = Main.storyboard;
			sourceTree = "<group>";
		};
		A1EBA5DC192693C100BDA837 /* InfoPlist.strings */ = {
			isa = PBXVariantGroup;
			children = (
				A1EBA5DD192693C100BDA837 /* en */,
			);
			name = InfoPlist.strings;
			sourceTree = "<group>";
		};
/* End PBXVariantGroup section */

/* Begin XCBuildConfiguration section */
		A1EBA5E1192693C100BDA837 /* Debug */ = {
			isa = XCBuildConfiguration;
			buildSettings = {
				ALWAYS_SEARCH_USER_PATHS = NO;
				CLANG_CXX_LANGUAGE_STANDARD = "gnu++0x";
				CLANG_CXX_LIBRARY = "libc++";
				CLANG_ENABLE_MODULES = YES;
				CLANG_ENABLE_OBJC_ARC = YES;
				CLANG_WARN_BOOL_CONVERSION = YES;
				CLANG_WARN_CONSTANT_CONVERSION = YES;
				CLANG_WARN_DIRECT_OBJC_ISA_USAGE = YES_ERROR;
				CLANG_WARN_EMPTY_BODY = YES;
				CLANG_WARN_ENUM_CONVERSION = YES;
				CLANG_WARN_INT_CONVERSION = YES;
				CLANG_WARN_OBJC_ROOT_CLASS = YES_ERROR;
				CLANG_WARN__DUPLICATE_METHOD_MATCH = YES;
				"CODE_SIGN_IDENTITY[sdk=iphoneos*]" = "iPhone Developer";
				COPY_PHASE_STRIP = NO;
				GCC_C_LANGUAGE_STANDARD = gnu99;
				GCC_DYNAMIC_NO_PIC = NO;
				GCC_OPTIMIZATION_LEVEL = 0;
				GCC_PREPROCESSOR_DEFINITIONS = (
					"DEBUG=1",
					"$(inherited)",
				);
				GCC_SYMBOLS_PRIVATE_EXTERN = NO;
				GCC_WARN_64_TO_32_BIT_CONVERSION = YES;
				GCC_WARN_ABOUT_RETURN_TYPE = YES_ERROR;
				GCC_WARN_UNDECLARED_SELECTOR = YES;
				GCC_WARN_UNINITIALIZED_AUTOS = YES_AGGRESSIVE;
				GCC_WARN_UNUSED_FUNCTION = YES;
				GCC_WARN_UNUSED_VARIABLE = YES;
				IPHONEOS_DEPLOYMENT_TARGET = 7.1;
				ONLY_ACTIVE_ARCH = YES;
				SDKROOT = iphoneos;
			};
			name = Debug;
		};
		A1EBA5E2192693C100BDA837 /* Release */ = {
			isa = XCBuildConfiguration;
			buildSettings = {
				ALWAYS_SEARCH_USER_PATHS = NO;
				CLANG_CXX_LANGUAGE_STANDARD = "gnu++0x";
				CLANG_CXX_LIBRARY = "libc++";
				CLANG_ENABLE_MODULES = YES;
				CLANG_ENABLE_OBJC_ARC = YES;
				CLANG_WARN_BOOL_CONVERSION = YES;
				CLANG_WARN_CONSTANT_CONVERSION = YES;
				CLANG_WARN_DIRECT_OBJC_ISA_USAGE = YES_ERROR;
				CLANG_WARN_EMPTY_BODY = YES;
				CLANG_WARN_ENUM_CONVERSION = YES;
				CLANG_WARN_INT_CONVERSION = YES;
				CLANG_WARN_OBJC_ROOT_CLASS = YES_ERROR;
				CLANG_WARN__DUPLICATE_METHOD_MATCH = YES;
				"CODE_SIGN_IDENTITY[sdk=iphoneos*]" = "iPhone Developer";
				COPY_PHASE_STRIP = YES;
				ENABLE_NS_ASSERTIONS = NO;
				GCC_C_LANGUAGE_STANDARD = gnu99;
				GCC_WARN_64_TO_32_BIT_CONVERSION = YES;
				GCC_WARN_ABOUT_RETURN_TYPE = YES_ERROR;
				GCC_WARN_UNDECLARED_SELECTOR = YES;
				GCC_WARN_UNINITIALIZED_AUTOS = YES_AGGRESSIVE;
				GCC_WARN_UNUSED_FUNCTION = YES;
				GCC_WARN_UNUSED_VARIABLE = YES;
				IPHONEOS_DEPLOYMENT_TARGET = 7.1;
				SDKROOT = iphoneos;
				VALIDATE_PRODUCT = YES;
			};
			name = Release;
		};
		A1EBA5E4192693C100BDA837 /* Debug */ = {
			isa = XCBuildConfiguration;
			buildSettings = {
				ASSETCATALOG_COMPILER_APPICON_NAME = AppIcon;
				ASSETCATALOG_COMPILER_LAUNCHIMAGE_NAME = LaunchImage;
				GCC_PRECOMPILE_PREFIX_HEADER = YES;
				GCC_PREFIX_HEADER = "Pirate Adventure/Pirate Adventure-Prefix.pch";
				INFOPLIST_FILE = "Pirate Adventure/Pirate Adventure-Info.plist";
				PRODUCT_NAME = "$(TARGET_NAME)";
				WRAPPER_EXTENSION = app;
			};
			name = Debug;
		};
		A1EBA5E5192693C100BDA837 /* Release */ = {
			isa = XCBuildConfiguration;
			buildSettings = {
				ASSETCATALOG_COMPILER_APPICON_NAME = AppIcon;
				ASSETCATALOG_COMPILER_LAUNCHIMAGE_NAME = LaunchImage;
				GCC_PRECOMPILE_PREFIX_HEADER = YES;
				GCC_PREFIX_HEADER = "Pirate Adventure/Pirate Adventure-Prefix.pch";
				INFOPLIST_FILE = "Pirate Adventure/Pirate Adventure-Info.plist";
				PRODUCT_NAME = "$(TARGET_NAME)";
				WRAPPER_EXTENSION = app;
			};
			name = Release;
		};
		A1EBA5E7192693C100BDA837 /* Debug */ = {
			isa = XCBuildConfiguration;
			buildSettings = {
				BUNDLE_LOADER = "$(BUILT_PRODUCTS_DIR)/Pirate Adventure.app/Pirate Adventure";
				FRAMEWORK_SEARCH_PATHS = (
					"$(SDKROOT)/Developer/Library/Frameworks",
					"$(inherited)",
					"$(DEVELOPER_FRAMEWORKS_DIR)",
				);
				GCC_PRECOMPILE_PREFIX_HEADER = YES;
				GCC_PREFIX_HEADER = "Pirate Adventure/Pirate Adventure-Prefix.pch";
				GCC_PREPROCESSOR_DEFINITIONS = (
					"DEBUG=1",
					"$(inherited)",
				);
				INFOPLIST_FILE = "Pirate AdventureTests/Pirate AdventureTests-Info.plist";
				PRODUCT_NAME = "$(TARGET_NAME)";
				TEST_HOST = "$(BUNDLE_LOADER)";
				WRAPPER_EXTENSION = xctest;
			};
			name = Debug;
		};
		A1EBA5E8192693C100BDA837 /* Release */ = {
			isa = XCBuildConfiguration;
			buildSettings = {
				BUNDLE_LOADER = "$(BUILT_PRODUCTS_DIR)/Pirate Adventure.app/Pirate Adventure";
				FRAMEWORK_SEARCH_PATHS = (
					"$(SDKROOT)/Developer/Library/Frameworks",
					"$(inherited)",
					"$(DEVELOPER_FRAMEWORKS_DIR)",
				);
				GCC_PRECOMPILE_PREFIX_HEADER = YES;
				GCC_PREFIX_HEADER = "Pirate Adventure/Pirate Adventure-Prefix.pch";
				INFOPLIST_FILE = "Pirate AdventureTests/Pirate AdventureTests-Info.plist";
				PRODUCT_NAME = "$(TARGET_NAME)";
				TEST_HOST = "$(BUNDLE_LOADER)";
				WRAPPER_EXTENSION = xctest;
			};
			name = Release;
		};
/* End XCBuildConfiguration section */

/* Begin XCConfigurationList section */
		A1EBA5AC192693C100BDA837 /* Build configuration list for PBXProject "Pirate Adventure" */ = {
			isa = XCConfigurationList;
			buildConfigurations = (
				A1EBA5E1192693C100BDA837 /* Debug */,
				A1EBA5E2192693C100BDA837 /* Release */,
			);
			defaultConfigurationIsVisible = 0;
			defaultConfigurationName = Release;
		};
		A1EBA5E3192693C100BDA837 /* Build configuration list for PBXNativeTarget "Pirate Adventure" */ = {
			isa = XCConfigurationList;
			buildConfigurations = (
				A1EBA5E4192693C100BDA837 /* Debug */,
				A1EBA5E5192693C100BDA837 /* Release */,
			);
			defaultConfigurationIsVisible = 0;
		};
		A1EBA5E6192693C100BDA837 /* Build configuration list for PBXNativeTarget "Pirate AdventureTests" */ = {
			isa = XCConfigurationList;
			buildConfigurations = (
				A1EBA5E7192693C100BDA837 /* Debug */,
				A1EBA5E8192693C100BDA837 /* Release */,
			);
			defaultConfigurationIsVisible = 0;
		};
/* End XCConfigurationList section */
	};
	rootObject = A1EBA5A9192693C100BDA837 /* Project object */;
}
